
Microsoft Visual Studio Solution File, Format Version 12.00
# Visual Studio 15
VisualStudioVersion = 15.0.26124.0
MinimumVisualStudioVersion = 15.0.26124.0
Project("{2150E333-8FDC-42A3-9474-1A3956D46DE8}") = "src", "src", "{F1BC7E0A-685E-4F7D-B5A8-1A27017F41A9}"
EndProject
Project("{FAE04EC0-301F-11D3-BF4B-00C04F79EFBC}") = "prototype-pattern", "src\prototype-pattern\prototype-pattern.csproj", "{E42B54C1-86AF-4371-B1D2-55000E15A64A}"
EndProject
Project("{2150E333-8FDC-42A3-9474-1A3956D46DE8}") = "test", "test", "{09D96C76-4DC7-4B7A-A717-AC49135C2D4D}"
EndProject
Project("{FAE04EC0-301F-11D3-BF4B-00C04F79EFBC}") = "prototype-pattern.Tests", "test\prototype-pattern.Tests\prototype-pattern.Tests.csproj", "{06AB5C94-09BA-42F8-8113-351C02D7E48B}"
EndProject
Global
	GlobalSection(SolutionConfigurationPlatforms) = preSolution
		Debug|Any CPU = Debug|Any CPU
		Debug|x64 = Debug|x64
		Debug|x86 = Debug|x86
		Release|Any CPU = Release|Any CPU
		Release|x64 = Release|x64
		Release|x86 = Release|x86
	EndGlobalSection
	GlobalSection(SolutionProperties) = preSolution
		HideSolutionNode = FALSE
	EndGlobalSection
	GlobalSection(ProjectConfigurationPlatforms) = postSolution
		{E42B54C1-86AF-4371-B1D2-55000E15A64A}.Debug|Any CPU.ActiveCfg = Debug|Any CPU
		{E42B54C1-86AF-4371-B1D2-55000E15A64A}.Debug|Any CPU.Build.0 = Debug|Any CPU
		{E42B54C1-86AF-4371-B1D2-55000E15A64A}.Debug|x64.ActiveCfg = Debug|Any CPU
		{E42B54C1-86AF-4371-B1D2-55000E15A64A}.Debug|x64.Build.0 = Debug|Any CPU
		{E42B54C1-86AF-4371-B1D2-55000E15A64A}.Debug|x86.ActiveCfg = Debug|Any CPU
		{E42B54C1-86AF-4371-B1D2-55000E15A64A}.Debug|x86.Build.0 = Debug|Any CPU
		{E42B54C1-86AF-4371-B1D2-55000E15A64A}.Release|Any CPU.ActiveCfg = Release|Any CPU
		{E42B54C1-86AF-4371-B1D2-55000E15A64A}.Release|Any CPU.Build.0 = Release|Any CPU
		{E42B54C1-86AF-4371-B1D2-55000E15A64A}.Release|x64.ActiveCfg = Release|Any CPU
		{E42B54C1-86AF-4371-B1D2-55000E15A64A}.Release|x64.Build.0 = Release|Any CPU
		{E42B54C1-86AF-4371-B1D2-55000E15A64A}.Release|x86.ActiveCfg = Release|Any CPU
		{E42B54C1-86AF-4371-B1D2-55000E15A64A}.Release|x86.Build.0 = Release|Any CPU
		{06AB5C94-09BA-42F8-8113-351C02D7E48B}.Debug|Any CPU.ActiveCfg = Debug|Any CPU
		{06AB5C94-09BA-42F8-8113-351C02D7E48B}.Debug|Any CPU.Build.0 = Debug|Any CPU
		{06AB5C94-09BA-42F8-8113-351C02D7E48B}.Debug|x64.ActiveCfg = Debug|Any CPU
		{06AB5C94-09BA-42F8-8113-351C02D7E48B}.Debug|x64.Build.0 = Debug|Any CPU
		{06AB5C94-09BA-42F8-8113-351C02D7E48B}.Debug|x86.ActiveCfg = Debug|Any CPU
		{06AB5C94-09BA-42F8-8113-351C02D7E48B}.Debug|x86.Build.0 = Debug|Any CPU
		{06AB5C94-09BA-42F8-8113-351C02D7E48B}.Release|Any CPU.ActiveCfg = Release|Any CPU
		{06AB5C94-09BA-42F8-8113-351C02D7E48B}.Release|Any CPU.Build.0 = Release|Any CPU
		{06AB5C94-09BA-42F8-8113-351C02D7E48B}.Release|x64.ActiveCfg = Release|Any CPU
		{06AB5C94-09BA-42F8-8113-351C02D7E48B}.Release|x64.Build.0 = Release|Any CPU
		{06AB5C94-09BA-42F8-8113-351C02D7E48B}.Release|x86.ActiveCfg = Release|Any CPU
		{06AB5C94-09BA-42F8-8113-351C02D7E48B}.Release|x86.Build.0 = Release|Any CPU
	EndGlobalSection
	GlobalSection(NestedProjects) = preSolution
		{E42B54C1-86AF-4371-B1D2-55000E15A64A} = {F1BC7E0A-685E-4F7D-B5A8-1A27017F41A9}
		{06AB5C94-09BA-42F8-8113-351C02D7E48B} = {09D96C76-4DC7-4B7A-A717-AC49135C2D4D}
	EndGlobalSection
EndGlobal
